// !$*UTF8*$!
{
	archiveVersion = 1;
	classes = {
	};
	objectVersion = 56;
	objects = {

/* Begin PBXBuildFile section */
		B209006F2C05234200271ACA /* AppDelegate.swift in Sources */ = {isa = PBXBuildFile; fileRef = B209006E2C05234200271ACA /* AppDelegate.swift */; };
		B20900712C05234200271ACA /* SceneDelegate.swift in Sources */ = {isa = PBXBuildFile; fileRef = B20900702C05234200271ACA /* SceneDelegate.swift */; };
		B20900732C05234200271ACA /* ViewController.swift in Sources */ = {isa = PBXBuildFile; fileRef = B20900722C05234200271ACA /* ViewController.swift */; };
		B20900782C05234400271ACA /* Assets.xcassets in Resources */ = {isa = PBXBuildFile; fileRef = B20900772C05234400271ACA /* Assets.xcassets */; };
		B209007B2C05234400271ACA /* LaunchScreen.storyboard in Resources */ = {isa = PBXBuildFile; fileRef = B20900792C05234400271ACA /* LaunchScreen.storyboard */; };
		B20900862C05234400271ACA /* Rick_MortyTests.swift in Sources */ = {isa = PBXBuildFile; fileRef = B20900852C05234400271ACA /* Rick_MortyTests.swift */; };
		B20900902C05234500271ACA /* Rick_MortyUITests.swift in Sources */ = {isa = PBXBuildFile; fileRef = B209008F2C05234500271ACA /* Rick_MortyUITests.swift */; };
		B20900922C05234500271ACA /* Rick_MortyUITestsLaunchTests.swift in Sources */ = {isa = PBXBuildFile; fileRef = B20900912C05234500271ACA /* Rick_MortyUITestsLaunchTests.swift */; };
		B2A36AD12C07B0F20020C9AC /* SnapKit in Frameworks */ = {isa = PBXBuildFile; productRef = B2A36AD02C07B0F20020C9AC /* SnapKit */; };
		B2A36AD32C07B1180020C9AC /* HomeViewModel.swift in Sources */ = {isa = PBXBuildFile; fileRef = B2A36AD22C07B1180020C9AC /* HomeViewModel.swift */; };
		B2A36AD52C07B1240020C9AC /* HomeModel.swift in Sources */ = {isa = PBXBuildFile; fileRef = B2A36AD42C07B1240020C9AC /* HomeModel.swift */; };
		B2A36ADA2C07C8720020C9AC /* DetailScene.swift in Sources */ = {isa = PBXBuildFile; fileRef = B2A36AD92C07C8720020C9AC /* DetailScene.swift */; };
		B2A36ADC2C07C8BB0020C9AC /* DetailFactory.swift in Sources */ = {isa = PBXBuildFile; fileRef = B2A36ADB2C07C8BB0020C9AC /* DetailFactory.swift */; };
		B2A36ADE2C07C91A0020C9AC /* DetailCoordinator.swift in Sources */ = {isa = PBXBuildFile; fileRef = B2A36ADD2C07C91A0020C9AC /* DetailCoordinator.swift */; };
		B2A36AE12C07CFBE0020C9AC /* HomeSceneBaseView.swift in Sources */ = {isa = PBXBuildFile; fileRef = B2A36AE02C07CFBE0020C9AC /* HomeSceneBaseView.swift */; };
		B2F798772C0670EC00528944 /* Navigation.swift in Sources */ = {isa = PBXBuildFile; fileRef = B2F798762C0670EC00528944 /* Navigation.swift */; };
		B2F798792C06723C00528944 /* NavigationImplementation.swift in Sources */ = {isa = PBXBuildFile; fileRef = B2F798782C06723C00528944 /* NavigationImplementation.swift */; };
		B2F7987B2C06786B00528944 /* Coordinator.swift in Sources */ = {isa = PBXBuildFile; fileRef = B2F7987A2C06786B00528944 /* Coordinator.swift */; };
		B2F7987D2C0678C900528944 /* ParentCoordinator.swift in Sources */ = {isa = PBXBuildFile; fileRef = B2F7987C2C0678C900528944 /* ParentCoordinator.swift */; };
		B2F798802C067A8400528944 /* AppCoordinator.swift in Sources */ = {isa = PBXBuildFile; fileRef = B2F7987F2C067A8400528944 /* AppCoordinator.swift */; };
		B2F798822C067ADC00528944 /* AppFactory.swift in Sources */ = {isa = PBXBuildFile; fileRef = B2F798812C067ADC00528944 /* AppFactory.swift */; };
		B2F798892C067CC400528944 /* TabBarCoordinator.swift in Sources */ = {isa = PBXBuildFile; fileRef = B2F798882C067CC400528944 /* TabBarCoordinator.swift */; };
		B2F7988B2C067CD500528944 /* TabBarFactory.swift in Sources */ = {isa = PBXBuildFile; fileRef = B2F7988A2C067CD500528944 /* TabBarFactory.swift */; };
		B2F7988D2C067CEC00528944 /* ItemTabBarFactory.swift in Sources */ = {isa = PBXBuildFile; fileRef = B2F7988C2C067CEC00528944 /* ItemTabBarFactory.swift */; };
		B2F798932C067DEC00528944 /* HomeCoordinator.swift in Sources */ = {isa = PBXBuildFile; fileRef = B2F798922C067DEC00528944 /* HomeCoordinator.swift */; };
		B2F798952C067DFF00528944 /* HomeFactory.swift in Sources */ = {isa = PBXBuildFile; fileRef = B2F798942C067DFF00528944 /* HomeFactory.swift */; };
		B2F798972C067E1800528944 /* HomeScene.swift in Sources */ = {isa = PBXBuildFile; fileRef = B2F798962C067E1800528944 /* HomeScene.swift */; };
		B2F7989A2C067E4600528944 /* FavoritesCoordinator.swift in Sources */ = {isa = PBXBuildFile; fileRef = B2F798992C067E4600528944 /* FavoritesCoordinator.swift */; };
		B2F7989C2C067E5F00528944 /* FavoritesFactory.swift in Sources */ = {isa = PBXBuildFile; fileRef = B2F7989B2C067E5F00528944 /* FavoritesFactory.swift */; };
		B2F7989E2C067E7B00528944 /* FavoritesScene.swift in Sources */ = {isa = PBXBuildFile; fileRef = B2F7989D2C067E7B00528944 /* FavoritesScene.swift */; };
		B2F798A02C06834900528944 /* TabBarScene.swift in Sources */ = {isa = PBXBuildFile; fileRef = B2F7989F2C06834900528944 /* TabBarScene.swift */; };
/* End PBXBuildFile section */

/* Begin PBXContainerItemProxy section */
		B20900822C05234400271ACA /* PBXContainerItemProxy */ = {
			isa = PBXContainerItemProxy;
			containerPortal = B20900632C05234200271ACA /* Project object */;
			proxyType = 1;
			remoteGlobalIDString = B209006A2C05234200271ACA;
			remoteInfo = "Rick&Morty";
		};
		B209008C2C05234500271ACA /* PBXContainerItemProxy */ = {
			isa = PBXContainerItemProxy;
			containerPortal = B20900632C05234200271ACA /* Project object */;
			proxyType = 1;
			remoteGlobalIDString = B209006A2C05234200271ACA;
			remoteInfo = "Rick&Morty";
		};
/* End PBXContainerItemProxy section */

/* Begin PBXFileReference section */
		B209006B2C05234200271ACA /* Rick&Morty.app */ = {isa = PBXFileReference; explicitFileType = wrapper.application; includeInIndex = 0; path = "Rick&Morty.app"; sourceTree = BUILT_PRODUCTS_DIR; };
		B209006E2C05234200271ACA /* AppDelegate.swift */ = {isa = PBXFileReference; lastKnownFileType = sourcecode.swift; path = AppDelegate.swift; sourceTree = "<group>"; };
		B20900702C05234200271ACA /* SceneDelegate.swift */ = {isa = PBXFileReference; lastKnownFileType = sourcecode.swift; path = SceneDelegate.swift; sourceTree = "<group>"; };
		B20900722C05234200271ACA /* ViewController.swift */ = {isa = PBXFileReference; lastKnownFileType = sourcecode.swift; path = ViewController.swift; sourceTree = "<group>"; };
		B20900772C05234400271ACA /* Assets.xcassets */ = {isa = PBXFileReference; lastKnownFileType = folder.assetcatalog; path = Assets.xcassets; sourceTree = "<group>"; };
		B209007A2C05234400271ACA /* Base */ = {isa = PBXFileReference; lastKnownFileType = file.storyboard; name = Base; path = Base.lproj/LaunchScreen.storyboard; sourceTree = "<group>"; };
		B209007C2C05234400271ACA /* Info.plist */ = {isa = PBXFileReference; lastKnownFileType = text.plist.xml; path = Info.plist; sourceTree = "<group>"; };
		B20900812C05234400271ACA /* Rick&MortyTests.xctest */ = {isa = PBXFileReference; explicitFileType = wrapper.cfbundle; includeInIndex = 0; path = "Rick&MortyTests.xctest"; sourceTree = BUILT_PRODUCTS_DIR; };
		B20900852C05234400271ACA /* Rick_MortyTests.swift */ = {isa = PBXFileReference; lastKnownFileType = sourcecode.swift; path = Rick_MortyTests.swift; sourceTree = "<group>"; };
		B209008B2C05234500271ACA /* Rick&MortyUITests.xctest */ = {isa = PBXFileReference; explicitFileType = wrapper.cfbundle; includeInIndex = 0; path = "Rick&MortyUITests.xctest"; sourceTree = BUILT_PRODUCTS_DIR; };
		B209008F2C05234500271ACA /* Rick_MortyUITests.swift */ = {isa = PBXFileReference; lastKnownFileType = sourcecode.swift; path = Rick_MortyUITests.swift; sourceTree = "<group>"; };
		B20900912C05234500271ACA /* Rick_MortyUITestsLaunchTests.swift */ = {isa = PBXFileReference; lastKnownFileType = sourcecode.swift; path = Rick_MortyUITestsLaunchTests.swift; sourceTree = "<group>"; };
		B2A36AD22C07B1180020C9AC /* HomeViewModel.swift */ = {isa = PBXFileReference; lastKnownFileType = sourcecode.swift; path = HomeViewModel.swift; sourceTree = "<group>"; };
		B2A36AD42C07B1240020C9AC /* HomeModel.swift */ = {isa = PBXFileReference; lastKnownFileType = sourcecode.swift; path = HomeModel.swift; sourceTree = "<group>"; };
		B2A36AD92C07C8720020C9AC /* DetailScene.swift */ = {isa = PBXFileReference; lastKnownFileType = sourcecode.swift; path = DetailScene.swift; sourceTree = "<group>"; };
		B2A36ADB2C07C8BB0020C9AC /* DetailFactory.swift */ = {isa = PBXFileReference; lastKnownFileType = sourcecode.swift; path = DetailFactory.swift; sourceTree = "<group>"; };
		B2A36ADD2C07C91A0020C9AC /* DetailCoordinator.swift */ = {isa = PBXFileReference; lastKnownFileType = sourcecode.swift; path = DetailCoordinator.swift; sourceTree = "<group>"; };
		B2A36AE02C07CFBE0020C9AC /* HomeSceneBaseView.swift */ = {isa = PBXFileReference; lastKnownFileType = sourcecode.swift; path = HomeSceneBaseView.swift; sourceTree = "<group>"; };
		B2F798762C0670EC00528944 /* Navigation.swift */ = {isa = PBXFileReference; lastKnownFileType = sourcecode.swift; path = Navigation.swift; sourceTree = "<group>"; };
		B2F798782C06723C00528944 /* NavigationImplementation.swift */ = {isa = PBXFileReference; lastKnownFileType = sourcecode.swift; path = NavigationImplementation.swift; sourceTree = "<group>"; };
		B2F7987A2C06786B00528944 /* Coordinator.swift */ = {isa = PBXFileReference; lastKnownFileType = sourcecode.swift; path = Coordinator.swift; sourceTree = "<group>"; };
		B2F7987C2C0678C900528944 /* ParentCoordinator.swift */ = {isa = PBXFileReference; lastKnownFileType = sourcecode.swift; path = ParentCoordinator.swift; sourceTree = "<group>"; };
		B2F7987F2C067A8400528944 /* AppCoordinator.swift */ = {isa = PBXFileReference; lastKnownFileType = sourcecode.swift; path = AppCoordinator.swift; sourceTree = "<group>"; };
		B2F798812C067ADC00528944 /* AppFactory.swift */ = {isa = PBXFileReference; lastKnownFileType = sourcecode.swift; path = AppFactory.swift; sourceTree = "<group>"; };
		B2F798882C067CC400528944 /* TabBarCoordinator.swift */ = {isa = PBXFileReference; lastKnownFileType = sourcecode.swift; path = TabBarCoordinator.swift; sourceTree = "<group>"; };
		B2F7988A2C067CD500528944 /* TabBarFactory.swift */ = {isa = PBXFileReference; lastKnownFileType = sourcecode.swift; path = TabBarFactory.swift; sourceTree = "<group>"; };
		B2F7988C2C067CEC00528944 /* ItemTabBarFactory.swift */ = {isa = PBXFileReference; lastKnownFileType = sourcecode.swift; path = ItemTabBarFactory.swift; sourceTree = "<group>"; };
		B2F798922C067DEC00528944 /* HomeCoordinator.swift */ = {isa = PBXFileReference; lastKnownFileType = sourcecode.swift; path = HomeCoordinator.swift; sourceTree = "<group>"; };
		B2F798942C067DFF00528944 /* HomeFactory.swift */ = {isa = PBXFileReference; lastKnownFileType = sourcecode.swift; path = HomeFactory.swift; sourceTree = "<group>"; };
		B2F798962C067E1800528944 /* HomeScene.swift */ = {isa = PBXFileReference; lastKnownFileType = sourcecode.swift; path = HomeScene.swift; sourceTree = "<group>"; };
		B2F798992C067E4600528944 /* FavoritesCoordinator.swift */ = {isa = PBXFileReference; lastKnownFileType = sourcecode.swift; path = FavoritesCoordinator.swift; sourceTree = "<group>"; };
		B2F7989B2C067E5F00528944 /* FavoritesFactory.swift */ = {isa = PBXFileReference; lastKnownFileType = sourcecode.swift; path = FavoritesFactory.swift; sourceTree = "<group>"; };
		B2F7989D2C067E7B00528944 /* FavoritesScene.swift */ = {isa = PBXFileReference; lastKnownFileType = sourcecode.swift; path = FavoritesScene.swift; sourceTree = "<group>"; };
		B2F7989F2C06834900528944 /* TabBarScene.swift */ = {isa = PBXFileReference; lastKnownFileType = sourcecode.swift; path = TabBarScene.swift; sourceTree = "<group>"; };
/* End PBXFileReference section */

/* Begin PBXFrameworksBuildPhase section */
		B20900682C05234200271ACA /* Frameworks */ = {
			isa = PBXFrameworksBuildPhase;
			buildActionMask = 2147483647;
			files = (
				B2A36AD12C07B0F20020C9AC /* SnapKit in Frameworks */,
			);
			runOnlyForDeploymentPostprocessing = 0;
		};
		B209007E2C05234400271ACA /* Frameworks */ = {
			isa = PBXFrameworksBuildPhase;
			buildActionMask = 2147483647;
			files = (
			);
			runOnlyForDeploymentPostprocessing = 0;
		};
		B20900882C05234500271ACA /* Frameworks */ = {
			isa = PBXFrameworksBuildPhase;
			buildActionMask = 2147483647;
			files = (
			);
			runOnlyForDeploymentPostprocessing = 0;
		};
/* End PBXFrameworksBuildPhase section */

/* Begin PBXGroup section */
		B20900622C05234200271ACA = {
			isa = PBXGroup;
			children = (
				B209006D2C05234200271ACA /* Rick&Morty */,
				B20900842C05234400271ACA /* Rick&MortyTests */,
				B209008E2C05234500271ACA /* Rick&MortyUITests */,
				B209006C2C05234200271ACA /* Products */,
			);
			sourceTree = "<group>";
		};
		B209006C2C05234200271ACA /* Products */ = {
			isa = PBXGroup;
			children = (
				B209006B2C05234200271ACA /* Rick&Morty.app */,
				B20900812C05234400271ACA /* Rick&MortyTests.xctest */,
				B209008B2C05234500271ACA /* Rick&MortyUITests.xctest */,
			);
			name = Products;
			sourceTree = "<group>";
		};
		B209006D2C05234200271ACA /* Rick&Morty */ = {
			isa = PBXGroup;
			children = (
				B2F798742C06707200528944 /* Scenes */,
				B2F798732C06706900528944 /* Composition */,
				B2F798712C06702500528944 /* LifeCycle */,
				B20900722C05234200271ACA /* ViewController.swift */,
				B20900772C05234400271ACA /* Assets.xcassets */,
				B20900792C05234400271ACA /* LaunchScreen.storyboard */,
				B209007C2C05234400271ACA /* Info.plist */,
			);
			path = "Rick&Morty";
			sourceTree = "<group>";
		};
		B20900842C05234400271ACA /* Rick&MortyTests */ = {
			isa = PBXGroup;
			children = (
				B20900852C05234400271ACA /* Rick_MortyTests.swift */,
			);
			path = "Rick&MortyTests";
			sourceTree = "<group>";
		};
		B209008E2C05234500271ACA /* Rick&MortyUITests */ = {
			isa = PBXGroup;
			children = (
				B209008F2C05234500271ACA /* Rick_MortyUITests.swift */,
				B20900912C05234500271ACA /* Rick_MortyUITestsLaunchTests.swift */,
			);
			path = "Rick&MortyUITests";
			sourceTree = "<group>";
		};
		B2A36AD62C07C8300020C9AC /* Detail */ = {
			isa = PBXGroup;
			children = (
				B2A36AD82C07C8640020C9AC /* Composition */,
				B2A36AD72C07C8450020C9AC /* Scene */,
			);
			path = Detail;
			sourceTree = "<group>";
		};
		B2A36AD72C07C8450020C9AC /* Scene */ = {
			isa = PBXGroup;
			children = (
				B2A36AD92C07C8720020C9AC /* DetailScene.swift */,
			);
			path = Scene;
			sourceTree = "<group>";
		};
		B2A36AD82C07C8640020C9AC /* Composition */ = {
			isa = PBXGroup;
			children = (
				B2A36ADB2C07C8BB0020C9AC /* DetailFactory.swift */,
				B2A36ADD2C07C91A0020C9AC /* DetailCoordinator.swift */,
			);
			path = Composition;
			sourceTree = "<group>";
		};
		B2A36ADF2C07CF990020C9AC /* HomeSceneComponents */ = {
			isa = PBXGroup;
			children = (
				B2A36AE02C07CFBE0020C9AC /* HomeSceneBaseView.swift */,
			);
			path = HomeSceneComponents;
			sourceTree = "<group>";
		};
		B2F798712C06702500528944 /* LifeCycle */ = {
			isa = PBXGroup;
			children = (
				B209006E2C05234200271ACA /* AppDelegate.swift */,
				B20900702C05234200271ACA /* SceneDelegate.swift */,
			);
			path = LifeCycle;
			sourceTree = "<group>";
		};
		B2F798722C06704A00528944 /* Coordinator */ = {
			isa = PBXGroup;
			children = (
				B2F7987E2C0679D500528944 /* AppCoordinator */,
				B2F7987A2C06786B00528944 /* Coordinator.swift */,
				B2F7987C2C0678C900528944 /* ParentCoordinator.swift */,
			);
			path = Coordinator;
			sourceTree = "<group>";
		};
		B2F798732C06706900528944 /* Composition */ = {
			isa = PBXGroup;
			children = (
				B2F798752C06708500528944 /* Navigation */,
				B2F798722C06704A00528944 /* Coordinator */,
			);
			path = Composition;
			sourceTree = "<group>";
		};
		B2F798742C06707200528944 /* Scenes */ = {
			isa = PBXGroup;
			children = (
				B2F798832C067C2C00528944 /* TabBar */,
			);
			path = Scenes;
			sourceTree = "<group>";
		};
		B2F798752C06708500528944 /* Navigation */ = {
			isa = PBXGroup;
			children = (
				B2F798762C0670EC00528944 /* Navigation.swift */,
				B2F798782C06723C00528944 /* NavigationImplementation.swift */,
			);
			path = Navigation;
			sourceTree = "<group>";
		};
		B2F7987E2C0679D500528944 /* AppCoordinator */ = {
			isa = PBXGroup;
			children = (
				B2F7987F2C067A8400528944 /* AppCoordinator.swift */,
				B2F798812C067ADC00528944 /* AppFactory.swift */,
			);
			path = AppCoordinator;
			sourceTree = "<group>";
		};
		B2F798832C067C2C00528944 /* TabBar */ = {
			isa = PBXGroup;
			children = (
				B2F798852C067C3C00528944 /* Composition */,
				B2F798842C067C3400528944 /* Scenes */,
			);
			path = TabBar;
			sourceTree = "<group>";
		};
		B2F798842C067C3400528944 /* Scenes */ = {
			isa = PBXGroup;
			children = (
				B2F798872C067CA600528944 /* Favorites */,
				B2F798862C067CA000528944 /* Home */,
				B2F7989F2C06834900528944 /* TabBarScene.swift */,
			);
			path = Scenes;
			sourceTree = "<group>";
		};
		B2F798852C067C3C00528944 /* Composition */ = {
			isa = PBXGroup;
			children = (
				B2F798882C067CC400528944 /* TabBarCoordinator.swift */,
				B2F7988A2C067CD500528944 /* TabBarFactory.swift */,
				B2F7988C2C067CEC00528944 /* ItemTabBarFactory.swift */,
			);
			path = Composition;
			sourceTree = "<group>";
		};
		B2F798862C067CA000528944 /* Home */ = {
			isa = PBXGroup;
			children = (
				B2F7988F2C067DC500528944 /* Scene */,
				B2F7988E2C067DBC00528944 /* Compositiion */,
			);
			path = Home;
			sourceTree = "<group>";
		};
		B2F798872C067CA600528944 /* Favorites */ = {
			isa = PBXGroup;
			children = (
				B2F798912C067DD500528944 /* Scene */,
				B2F798902C067DCD00528944 /* Composition */,
			);
			path = Favorites;
			sourceTree = "<group>";
		};
		B2F7988E2C067DBC00528944 /* Compositiion */ = {
			isa = PBXGroup;
			children = (
				B2F798922C067DEC00528944 /* HomeCoordinator.swift */,
				B2F798942C067DFF00528944 /* HomeFactory.swift */,
			);
			path = Compositiion;
			sourceTree = "<group>";
		};
		B2F7988F2C067DC500528944 /* Scene */ = {
			isa = PBXGroup;
			children = (
				B2A36ADF2C07CF990020C9AC /* HomeSceneComponents */,
				B2A36AD62C07C8300020C9AC /* Detail */,
				B2F798962C067E1800528944 /* HomeScene.swift */,
				B2A36AD22C07B1180020C9AC /* HomeViewModel.swift */,
				B2A36AD42C07B1240020C9AC /* HomeModel.swift */,
			);
			path = Scene;
			sourceTree = "<group>";
		};
		B2F798902C067DCD00528944 /* Composition */ = {
			isa = PBXGroup;
			children = (
				B2F798992C067E4600528944 /* FavoritesCoordinator.swift */,
				B2F7989B2C067E5F00528944 /* FavoritesFactory.swift */,
			);
			path = Composition;
			sourceTree = "<group>";
		};
		B2F798912C067DD500528944 /* Scene */ = {
			isa = PBXGroup;
			children = (
				B2F7989D2C067E7B00528944 /* FavoritesScene.swift */,
			);
			path = Scene;
			sourceTree = "<group>";
		};
/* End PBXGroup section */

/* Begin PBXNativeTarget section */
		B209006A2C05234200271ACA /* Rick&Morty */ = {
			isa = PBXNativeTarget;
			buildConfigurationList = B20900952C05234500271ACA /* Build configuration list for PBXNativeTarget "Rick&Morty" */;
			buildPhases = (
				B20900672C05234200271ACA /* Sources */,
				B20900682C05234200271ACA /* Frameworks */,
				B20900692C05234200271ACA /* Resources */,
			);
			buildRules = (
			);
			dependencies = (
			);
			name = "Rick&Morty";
			packageProductDependencies = (
				B2A36AD02C07B0F20020C9AC /* SnapKit */,
			);
			productName = "Rick&Morty";
			productReference = B209006B2C05234200271ACA /* Rick&Morty.app */;
			productType = "com.apple.product-type.application";
		};
		B20900802C05234400271ACA /* Rick&MortyTests */ = {
			isa = PBXNativeTarget;
			buildConfigurationList = B20900982C05234500271ACA /* Build configuration list for PBXNativeTarget "Rick&MortyTests" */;
			buildPhases = (
				B209007D2C05234400271ACA /* Sources */,
				B209007E2C05234400271ACA /* Frameworks */,
				B209007F2C05234400271ACA /* Resources */,
			);
			buildRules = (
			);
			dependencies = (
				B20900832C05234400271ACA /* PBXTargetDependency */,
			);
			name = "Rick&MortyTests";
			productName = "Rick&MortyTests";
			productReference = B20900812C05234400271ACA /* Rick&MortyTests.xctest */;
			productType = "com.apple.product-type.bundle.unit-test";
		};
		B209008A2C05234500271ACA /* Rick&MortyUITests */ = {
			isa = PBXNativeTarget;
			buildConfigurationList = B209009B2C05234500271ACA /* Build configuration list for PBXNativeTarget "Rick&MortyUITests" */;
			buildPhases = (
				B20900872C05234500271ACA /* Sources */,
				B20900882C05234500271ACA /* Frameworks */,
				B20900892C05234500271ACA /* Resources */,
			);
			buildRules = (
			);
			dependencies = (
				B209008D2C05234500271ACA /* PBXTargetDependency */,
			);
			name = "Rick&MortyUITests";
			productName = "Rick&MortyUITests";
			productReference = B209008B2C05234500271ACA /* Rick&MortyUITests.xctest */;
			productType = "com.apple.product-type.bundle.ui-testing";
		};
/* End PBXNativeTarget section */

/* Begin PBXProject section */
		B20900632C05234200271ACA /* Project object */ = {
			isa = PBXProject;
			attributes = {
				BuildIndependentTargetsInParallel = 1;
				LastSwiftUpdateCheck = 1520;
				LastUpgradeCheck = 1520;
				TargetAttributes = {
					B209006A2C05234200271ACA = {
						CreatedOnToolsVersion = 15.2;
					};
					B20900802C05234400271ACA = {
						CreatedOnToolsVersion = 15.2;
						TestTargetID = B209006A2C05234200271ACA;
					};
					B209008A2C05234500271ACA = {
						CreatedOnToolsVersion = 15.2;
						TestTargetID = B209006A2C05234200271ACA;
					};
				};
			};
			buildConfigurationList = B20900662C05234200271ACA /* Build configuration list for PBXProject "Rick&Morty" */;
			compatibilityVersion = "Xcode 14.0";
			developmentRegion = en;
			hasScannedForEncodings = 0;
			knownRegions = (
				en,
				Base,
			);
			mainGroup = B20900622C05234200271ACA;
			packageReferences = (
				B2A36ACF2C07B0F20020C9AC /* XCRemoteSwiftPackageReference "SnapKit" */,
			);
			productRefGroup = B209006C2C05234200271ACA /* Products */;
			projectDirPath = "";
			projectRoot = "";
			targets = (
				B209006A2C05234200271ACA /* Rick&Morty */,
				B20900802C05234400271ACA /* Rick&MortyTests */,
				B209008A2C05234500271ACA /* Rick&MortyUITests */,
			);
		};
/* End PBXProject section */

/* Begin PBXResourcesBuildPhase section */
		B20900692C05234200271ACA /* Resources */ = {
			isa = PBXResourcesBuildPhase;
			buildActionMask = 2147483647;
			files = (
				B209007B2C05234400271ACA /* LaunchScreen.storyboard in Resources */,
				B20900782C05234400271ACA /* Assets.xcassets in Resources */,
			);
			runOnlyForDeploymentPostprocessing = 0;
		};
		B209007F2C05234400271ACA /* Resources */ = {
			isa = PBXResourcesBuildPhase;
			buildActionMask = 2147483647;
			files = (
			);
			runOnlyForDeploymentPostprocessing = 0;
		};
		B20900892C05234500271ACA /* Resources */ = {
			isa = PBXResourcesBuildPhase;
			buildActionMask = 2147483647;
			files = (
			);
			runOnlyForDeploymentPostprocessing = 0;
		};
/* End PBXResourcesBuildPhase section */

/* Begin PBXSourcesBuildPhase section */
		B20900672C05234200271ACA /* Sources */ = {
			isa = PBXSourcesBuildPhase;
			buildActionMask = 2147483647;
			files = (
				B2F7989E2C067E7B00528944 /* FavoritesScene.swift in Sources */,
				B2F798822C067ADC00528944 /* AppFactory.swift in Sources */,
				B2F7988D2C067CEC00528944 /* ItemTabBarFactory.swift in Sources */,
				B2A36ADC2C07C8BB0020C9AC /* DetailFactory.swift in Sources */,
				B2A36AD32C07B1180020C9AC /* HomeViewModel.swift in Sources */,
				B20900732C05234200271ACA /* ViewController.swift in Sources */,
				B2F798972C067E1800528944 /* HomeScene.swift in Sources */,
				B2F798792C06723C00528944 /* NavigationImplementation.swift in Sources */,
				B2F7987B2C06786B00528944 /* Coordinator.swift in Sources */,
				B2A36ADE2C07C91A0020C9AC /* DetailCoordinator.swift in Sources */,
				B2F7988B2C067CD500528944 /* TabBarFactory.swift in Sources */,
				B209006F2C05234200271ACA /* AppDelegate.swift in Sources */,
				B2F7989C2C067E5F00528944 /* FavoritesFactory.swift in Sources */,
				B2F798802C067A8400528944 /* AppCoordinator.swift in Sources */,
				B2F798932C067DEC00528944 /* HomeCoordinator.swift in Sources */,
				B2F798952C067DFF00528944 /* HomeFactory.swift in Sources */,
				B2F7987D2C0678C900528944 /* ParentCoordinator.swift in Sources */,
				B2F7989A2C067E4600528944 /* FavoritesCoordinator.swift in Sources */,
				B20900712C05234200271ACA /* SceneDelegate.swift in Sources */,
				B2A36AD52C07B1240020C9AC /* HomeModel.swift in Sources */,
				B2A36AE12C07CFBE0020C9AC /* HomeSceneBaseView.swift in Sources */,
				B2F798892C067CC400528944 /* TabBarCoordinator.swift in Sources */,
				B2F798A02C06834900528944 /* TabBarScene.swift in Sources */,
				B2F798772C0670EC00528944 /* Navigation.swift in Sources */,
				B2A36ADA2C07C8720020C9AC /* DetailScene.swift in Sources */,
			);
			runOnlyForDeploymentPostprocessing = 0;
		};
		B209007D2C05234400271ACA /* Sources */ = {
			isa = PBXSourcesBuildPhase;
			buildActionMask = 2147483647;
			files = (
				B20900862C05234400271ACA /* Rick_MortyTests.swift in Sources */,
			);
			runOnlyForDeploymentPostprocessing = 0;
		};
		B20900872C05234500271ACA /* Sources */ = {
			isa = PBXSourcesBuildPhase;
			buildActionMask = 2147483647;
			files = (
				B20900902C05234500271ACA /* Rick_MortyUITests.swift in Sources */,
				B20900922C05234500271ACA /* Rick_MortyUITestsLaunchTests.swift in Sources */,
			);
			runOnlyForDeploymentPostprocessing = 0;
		};
/* End PBXSourcesBuildPhase section */

/* Begin PBXTargetDependency section */
		B20900832C05234400271ACA /* PBXTargetDependency */ = {
			isa = PBXTargetDependency;
			target = B209006A2C05234200271ACA /* Rick&Morty */;
			targetProxy = B20900822C05234400271ACA /* PBXContainerItemProxy */;
		};
		B209008D2C05234500271ACA /* PBXTargetDependency */ = {
			isa = PBXTargetDependency;
			target = B209006A2C05234200271ACA /* Rick&Morty */;
			targetProxy = B209008C2C05234500271ACA /* PBXContainerItemProxy */;
		};
/* End PBXTargetDependency section */

/* Begin PBXVariantGroup section */
		B20900792C05234400271ACA /* LaunchScreen.storyboard */ = {
			isa = PBXVariantGroup;
			children = (
				B209007A2C05234400271ACA /* Base */,
			);
			name = LaunchScreen.storyboard;
			sourceTree = "<group>";
		};
/* End PBXVariantGroup section */

/* Begin XCBuildConfiguration section */
		B20900932C05234500271ACA /* Debug */ = {
			isa = XCBuildConfiguration;
			buildSettings = {
				ALWAYS_SEARCH_USER_PATHS = NO;
				ASSETCATALOG_COMPILER_GENERATE_SWIFT_ASSET_SYMBOL_EXTENSIONS = YES;
				CLANG_ANALYZER_NONNULL = YES;
				CLANG_ANALYZER_NUMBER_OBJECT_CONVERSION = YES_AGGRESSIVE;
				CLANG_CXX_LANGUAGE_STANDARD = "gnu++20";
				CLANG_ENABLE_MODULES = YES;
				CLANG_ENABLE_OBJC_ARC = YES;
				CLANG_ENABLE_OBJC_WEAK = YES;
				CLANG_WARN_BLOCK_CAPTURE_AUTORELEASING = YES;
				CLANG_WARN_BOOL_CONVERSION = YES;
				CLANG_WARN_COMMA = YES;
				CLANG_WARN_CONSTANT_CONVERSION = YES;
				CLANG_WARN_DEPRECATED_OBJC_IMPLEMENTATIONS = YES;
				CLANG_WARN_DIRECT_OBJC_ISA_USAGE = YES_ERROR;
				CLANG_WARN_DOCUMENTATION_COMMENTS = YES;
				CLANG_WARN_EMPTY_BODY = YES;
				CLANG_WARN_ENUM_CONVERSION = YES;
				CLANG_WARN_INFINITE_RECURSION = YES;
				CLANG_WARN_INT_CONVERSION = YES;
				CLANG_WARN_NON_LITERAL_NULL_CONVERSION = YES;
				CLANG_WARN_OBJC_IMPLICIT_RETAIN_SELF = YES;
				CLANG_WARN_OBJC_LITERAL_CONVERSION = YES;
				CLANG_WARN_OBJC_ROOT_CLASS = YES_ERROR;
				CLANG_WARN_QUOTED_INCLUDE_IN_FRAMEWORK_HEADER = YES;
				CLANG_WARN_RANGE_LOOP_ANALYSIS = YES;
				CLANG_WARN_STRICT_PROTOTYPES = YES;
				CLANG_WARN_SUSPICIOUS_MOVE = YES;
				CLANG_WARN_UNGUARDED_AVAILABILITY = YES_AGGRESSIVE;
				CLANG_WARN_UNREACHABLE_CODE = YES;
				CLANG_WARN__DUPLICATE_METHOD_MATCH = YES;
				COPY_PHASE_STRIP = NO;
				DEBUG_INFORMATION_FORMAT = dwarf;
				ENABLE_STRICT_OBJC_MSGSEND = YES;
				ENABLE_TESTABILITY = YES;
				ENABLE_USER_SCRIPT_SANDBOXING = YES;
				GCC_C_LANGUAGE_STANDARD = gnu17;
				GCC_DYNAMIC_NO_PIC = NO;
				GCC_NO_COMMON_BLOCKS = YES;
				GCC_OPTIMIZATION_LEVEL = 0;
				GCC_PREPROCESSOR_DEFINITIONS = (
					"DEBUG=1",
					"$(inherited)",
				);
				GCC_WARN_64_TO_32_BIT_CONVERSION = YES;
				GCC_WARN_ABOUT_RETURN_TYPE = YES_ERROR;
				GCC_WARN_UNDECLARED_SELECTOR = YES;
				GCC_WARN_UNINITIALIZED_AUTOS = YES_AGGRESSIVE;
				GCC_WARN_UNUSED_FUNCTION = YES;
				GCC_WARN_UNUSED_VARIABLE = YES;
				IPHONEOS_DEPLOYMENT_TARGET = 17.2;
				LOCALIZATION_PREFERS_STRING_CATALOGS = YES;
				MTL_ENABLE_DEBUG_INFO = INCLUDE_SOURCE;
				MTL_FAST_MATH = YES;
				ONLY_ACTIVE_ARCH = YES;
				SDKROOT = iphoneos;
				SWIFT_ACTIVE_COMPILATION_CONDITIONS = "DEBUG $(inherited)";
				SWIFT_OPTIMIZATION_LEVEL = "-Onone";
			};
			name = Debug;
		};
		B20900942C05234500271ACA /* Release */ = {
			isa = XCBuildConfiguration;
			buildSettings = {
				ALWAYS_SEARCH_USER_PATHS = NO;
				ASSETCATALOG_COMPILER_GENERATE_SWIFT_ASSET_SYMBOL_EXTENSIONS = YES;
				CLANG_ANALYZER_NONNULL = YES;
				CLANG_ANALYZER_NUMBER_OBJECT_CONVERSION = YES_AGGRESSIVE;
				CLANG_CXX_LANGUAGE_STANDARD = "gnu++20";
				CLANG_ENABLE_MODULES = YES;
				CLANG_ENABLE_OBJC_ARC = YES;
				CLANG_ENABLE_OBJC_WEAK = YES;
				CLANG_WARN_BLOCK_CAPTURE_AUTORELEASING = YES;
				CLANG_WARN_BOOL_CONVERSION = YES;
				CLANG_WARN_COMMA = YES;
				CLANG_WARN_CONSTANT_CONVERSION = YES;
				CLANG_WARN_DEPRECATED_OBJC_IMPLEMENTATIONS = YES;
				CLANG_WARN_DIRECT_OBJC_ISA_USAGE = YES_ERROR;
				CLANG_WARN_DOCUMENTATION_COMMENTS = YES;
				CLANG_WARN_EMPTY_BODY = YES;
				CLANG_WARN_ENUM_CONVERSION = YES;
				CLANG_WARN_INFINITE_RECURSION = YES;
				CLANG_WARN_INT_CONVERSION = YES;
				CLANG_WARN_NON_LITERAL_NULL_CONVERSION = YES;
				CLANG_WARN_OBJC_IMPLICIT_RETAIN_SELF = YES;
				CLANG_WARN_OBJC_LITERAL_CONVERSION = YES;
				CLANG_WARN_OBJC_ROOT_CLASS = YES_ERROR;
				CLANG_WARN_QUOTED_INCLUDE_IN_FRAMEWORK_HEADER = YES;
				CLANG_WARN_RANGE_LOOP_ANALYSIS = YES;
				CLANG_WARN_STRICT_PROTOTYPES = YES;
				CLANG_WARN_SUSPICIOUS_MOVE = YES;
				CLANG_WARN_UNGUARDED_AVAILABILITY = YES_AGGRESSIVE;
				CLANG_WARN_UNREACHABLE_CODE = YES;
				CLANG_WARN__DUPLICATE_METHOD_MATCH = YES;
				COPY_PHASE_STRIP = NO;
				DEBUG_INFORMATION_FORMAT = "dwarf-with-dsym";
				ENABLE_NS_ASSERTIONS = NO;
				ENABLE_STRICT_OBJC_MSGSEND = YES;
				ENABLE_USER_SCRIPT_SANDBOXING = YES;
				GCC_C_LANGUAGE_STANDARD = gnu17;
				GCC_NO_COMMON_BLOCKS = YES;
				GCC_WARN_64_TO_32_BIT_CONVERSION = YES;
				GCC_WARN_ABOUT_RETURN_TYPE = YES_ERROR;
				GCC_WARN_UNDECLARED_SELECTOR = YES;
				GCC_WARN_UNINITIALIZED_AUTOS = YES_AGGRESSIVE;
				GCC_WARN_UNUSED_FUNCTION = YES;
				GCC_WARN_UNUSED_VARIABLE = YES;
				IPHONEOS_DEPLOYMENT_TARGET = 17.2;
				LOCALIZATION_PREFERS_STRING_CATALOGS = YES;
				MTL_ENABLE_DEBUG_INFO = NO;
				MTL_FAST_MATH = YES;
				SDKROOT = iphoneos;
				SWIFT_COMPILATION_MODE = wholemodule;
				VALIDATE_PRODUCT = YES;
			};
			name = Release;
		};
		B20900962C05234500271ACA /* Debug */ = {
			isa = XCBuildConfiguration;
			buildSettings = {
				ASSETCATALOG_COMPILER_APPICON_NAME = AppIcon;
				ASSETCATALOG_COMPILER_GLOBAL_ACCENT_COLOR_NAME = AccentColor;
				CODE_SIGN_STYLE = Automatic;
				CURRENT_PROJECT_VERSION = 1;
				DEVELOPMENT_TEAM = PP565ZGK72;
				GENERATE_INFOPLIST_FILE = YES;
				INFOPLIST_FILE = "Rick&Morty/Info.plist";
				INFOPLIST_KEY_UIApplicationSupportsIndirectInputEvents = YES;
				INFOPLIST_KEY_UILaunchStoryboardName = LaunchScreen;
				INFOPLIST_KEY_UISupportedInterfaceOrientations = UIInterfaceOrientationPortrait;
				INFOPLIST_KEY_UISupportedInterfaceOrientations_iPad = "UIInterfaceOrientationLandscapeLeft UIInterfaceOrientationLandscapeRight UIInterfaceOrientationPortrait UIInterfaceOrientationPortraitUpsideDown";
				IPHONEOS_DEPLOYMENT_TARGET = 15.0;
				LD_RUNPATH_SEARCH_PATHS = (
					"$(inherited)",
					"@executable_path/Frameworks",
				);
				MARKETING_VERSION = 1.0;
				PRODUCT_BUNDLE_IDENTIFIER = "zvd.Rick-Morty";
				PRODUCT_NAME = "$(TARGET_NAME)";
				SUPPORTED_PLATFORMS = "iphoneos iphonesimulator";
				SUPPORTS_MACCATALYST = NO;
				SUPPORTS_MAC_DESIGNED_FOR_IPHONE_IPAD = NO;
				SUPPORTS_XR_DESIGNED_FOR_IPHONE_IPAD = NO;
				SWIFT_EMIT_LOC_STRINGS = YES;
				SWIFT_VERSION = 5.0;
				TARGETED_DEVICE_FAMILY = 1;
			};
			name = Debug;
		};
		B20900972C05234500271ACA /* Release */ = {
			isa = XCBuildConfiguration;
			buildSettings = {
				ASSETCATALOG_COMPILER_APPICON_NAME = AppIcon;
				ASSETCATALOG_COMPILER_GLOBAL_ACCENT_COLOR_NAME = AccentColor;
				CODE_SIGN_STYLE = Automatic;
				CURRENT_PROJECT_VERSION = 1;
				DEVELOPMENT_TEAM = PP565ZGK72;
				GENERATE_INFOPLIST_FILE = YES;
				INFOPLIST_FILE = "Rick&Morty/Info.plist";
				INFOPLIST_KEY_UIApplicationSupportsIndirectInputEvents = YES;
				INFOPLIST_KEY_UILaunchStoryboardName = LaunchScreen;
				INFOPLIST_KEY_UISupportedInterfaceOrientations = UIInterfaceOrientationPortrait;
				INFOPLIST_KEY_UISupportedInterfaceOrientations_iPad = "UIInterfaceOrientationLandscapeLeft UIInterfaceOrientationLandscapeRight UIInterfaceOrientationPortrait UIInterfaceOrientationPortraitUpsideDown";
				IPHONEOS_DEPLOYMENT_TARGET = 15.0;
				LD_RUNPATH_SEARCH_PATHS = (
					"$(inherited)",
					"@executable_path/Frameworks",
				);
				MARKETING_VERSION = 1.0;
				PRODUCT_BUNDLE_IDENTIFIER = "zvd.Rick-Morty";
				PRODUCT_NAME = "$(TARGET_NAME)";
				SUPPORTED_PLATFORMS = "iphoneos iphonesimulator";
				SUPPORTS_MACCATALYST = NO;
				SUPPORTS_MAC_DESIGNED_FOR_IPHONE_IPAD = NO;
				SUPPORTS_XR_DESIGNED_FOR_IPHONE_IPAD = NO;
				SWIFT_EMIT_LOC_STRINGS = YES;
				SWIFT_VERSION = 5.0;
				TARGETED_DEVICE_FAMILY = 1;
			};
			name = Release;
		};
		B20900992C05234500271ACA /* Debug */ = {
			isa = XCBuildConfiguration;
			buildSettings = {
				ALWAYS_EMBED_SWIFT_STANDARD_LIBRARIES = YES;
				BUNDLE_LOADER = "$(TEST_HOST)";
				CODE_SIGN_STYLE = Automatic;
				CURRENT_PROJECT_VERSION = 1;
				DEVELOPMENT_TEAM = PP565ZGK72;
				GENERATE_INFOPLIST_FILE = YES;
				IPHONEOS_DEPLOYMENT_TARGET = 17.2;
				MARKETING_VERSION = 1.0;
				PRODUCT_BUNDLE_IDENTIFIER = "zvd.Rick-MortyTests";
				PRODUCT_NAME = "$(TARGET_NAME)";
				SWIFT_EMIT_LOC_STRINGS = NO;
				SWIFT_VERSION = 5.0;
				TARGETED_DEVICE_FAMILY = "1,2";
				TEST_HOST = "$(BUILT_PRODUCTS_DIR)/Rick&Morty.app/$(BUNDLE_EXECUTABLE_FOLDER_PATH)/Rick&Morty";
			};
			name = Debug;
		};
		B209009A2C05234500271ACA /* Release */ = {
			isa = XCBuildConfiguration;
			buildSettings = {
				ALWAYS_EMBED_SWIFT_STANDARD_LIBRARIES = YES;
				BUNDLE_LOADER = "$(TEST_HOST)";
				CODE_SIGN_STYLE = Automatic;
				CURRENT_PROJECT_VERSION = 1;
				DEVELOPMENT_TEAM = PP565ZGK72;
				GENERATE_INFOPLIST_FILE = YES;
				IPHONEOS_DEPLOYMENT_TARGET = 17.2;
				MARKETING_VERSION = 1.0;
				PRODUCT_BUNDLE_IDENTIFIER = "zvd.Rick-MortyTests";
				PRODUCT_NAME = "$(TARGET_NAME)";
				SWIFT_EMIT_LOC_STRINGS = NO;
				SWIFT_VERSION = 5.0;
				TARGETED_DEVICE_FAMILY = "1,2";
				TEST_HOST = "$(BUILT_PRODUCTS_DIR)/Rick&Morty.app/$(BUNDLE_EXECUTABLE_FOLDER_PATH)/Rick&Morty";
			};
			name = Release;
		};
		B209009C2C05234500271ACA /* Debug */ = {
			isa = XCBuildConfiguration;
			buildSettings = {
				ALWAYS_EMBED_SWIFT_STANDARD_LIBRARIES = YES;
				CODE_SIGN_STYLE = Automatic;
				CURRENT_PROJECT_VERSION = 1;
				DEVELOPMENT_TEAM = PP565ZGK72;
				GENERATE_INFOPLIST_FILE = YES;
				MARKETING_VERSION = 1.0;
				PRODUCT_BUNDLE_IDENTIFIER = "zvd.Rick-MortyUITests";
				PRODUCT_NAME = "$(TARGET_NAME)";
				SWIFT_EMIT_LOC_STRINGS = NO;
				SWIFT_VERSION = 5.0;
				TARGETED_DEVICE_FAMILY = "1,2";
				TEST_TARGET_NAME = "Rick&Morty";
			};
			name = Debug;
		};
		B209009D2C05234500271ACA /* Release */ = {
			isa = XCBuildConfiguration;
			buildSettings = {
				ALWAYS_EMBED_SWIFT_STANDARD_LIBRARIES = YES;
				CODE_SIGN_STYLE = Automatic;
				CURRENT_PROJECT_VERSION = 1;
				DEVELOPMENT_TEAM = PP565ZGK72;
				GENERATE_INFOPLIST_FILE = YES;
				MARKETING_VERSION = 1.0;
				PRODUCT_BUNDLE_IDENTIFIER = "zvd.Rick-MortyUITests";
				PRODUCT_NAME = "$(TARGET_NAME)";
				SWIFT_EMIT_LOC_STRINGS = NO;
				SWIFT_VERSION = 5.0;
				TARGETED_DEVICE_FAMILY = "1,2";
				TEST_TARGET_NAME = "Rick&Morty";
			};
			name = Release;
		};
/* End XCBuildConfiguration section */

/* Begin XCConfigurationList section */
		B20900662C05234200271ACA /* Build configuration list for PBXProject "Rick&Morty" */ = {
			isa = XCConfigurationList;
			buildConfigurations = (
				B20900932C05234500271ACA /* Debug */,
				B20900942C05234500271ACA /* Release */,
			);
			defaultConfigurationIsVisible = 0;
			defaultConfigurationName = Release;
		};
		B20900952C05234500271ACA /* Build configuration list for PBXNativeTarget "Rick&Morty" */ = {
			isa = XCConfigurationList;
			buildConfigurations = (
				B20900962C05234500271ACA /* Debug */,
				B20900972C05234500271ACA /* Release */,
			);
			defaultConfigurationIsVisible = 0;
			defaultConfigurationName = Release;
		};
		B20900982C05234500271ACA /* Build configuration list for PBXNativeTarget "Rick&MortyTests" */ = {
			isa = XCConfigurationList;
			buildConfigurations = (
				B20900992C05234500271ACA /* Debug */,
				B209009A2C05234500271ACA /* Release */,
			);
			defaultConfigurationIsVisible = 0;
			defaultConfigurationName = Release;
		};
		B209009B2C05234500271ACA /* Build configuration list for PBXNativeTarget "Rick&MortyUITests" */ = {
			isa = XCConfigurationList;
			buildConfigurations = (
				B209009C2C05234500271ACA /* Debug */,
				B209009D2C05234500271ACA /* Release */,
			);
			defaultConfigurationIsVisible = 0;
			defaultConfigurationName = Release;
		};
/* End XCConfigurationList section */

/* Begin XCRemoteSwiftPackageReference section */
		B2A36ACF2C07B0F20020C9AC /* XCRemoteSwiftPackageReference "SnapKit" */ = {
			isa = XCRemoteSwiftPackageReference;
			repositoryURL = "https://github.com/SnapKit/SnapKit.git";
			requirement = {
				kind = upToNextMajorVersion;
				minimumVersion = 5.7.1;
			};
		};
/* End XCRemoteSwiftPackageReference section */

/* Begin XCSwiftPackageProductDependency section */
		B2A36AD02C07B0F20020C9AC /* SnapKit */ = {
			isa = XCSwiftPackageProductDependency;
			package = B2A36ACF2C07B0F20020C9AC /* XCRemoteSwiftPackageReference "SnapKit" */;
			productName = SnapKit;
		};
/* End XCSwiftPackageProductDependency section */
	};
	rootObject = B20900632C05234200271ACA /* Project object */;
}
